// !$*UTF8*$!
{
	archiveVersion = 1;
	classes = {
	};
	objectVersion = 46;
	objects = {

/* Begin PBXBuildFile section */
		038880B51B305F6300F8807F /* AppDelegate.m in Sources */ = {isa = PBXBuildFile; fileRef = 038880B41B305F6300F8807F /* AppDelegate.m */; };
		038880B71B305F6300F8807F /* main.m in Sources */ = {isa = PBXBuildFile; fileRef = 038880B61B305F6300F8807F /* main.m */; };
		038880B91B305F6300F8807F /* Images.xcassets in Resources */ = {isa = PBXBuildFile; fileRef = 038880B81B305F6300F8807F /* Images.xcassets */; };
		038880BC1B305F6300F8807F /* MainMenu.xib in Resources */ = {isa = PBXBuildFile; fileRef = 038880BA1B305F6300F8807F /* MainMenu.xib */; };
		038880C81B305F6300F8807F /* RetiniTests.m in Sources */ = {isa = PBXBuildFile; fileRef = 038880C71B305F6300F8807F /* RetiniTests.m */; };
		038880D31B305FDB00F8807F /* DragDropView.m in Sources */ = {isa = PBXBuildFile; fileRef = 038880D21B305FDB00F8807F /* DragDropView.m */; };
		03D63F7C1BB9804200CC8485 /* NSImage+Resize.m in Sources */ = {isa = PBXBuildFile; fileRef = 03D63F7B1BB9804200CC8485 /* NSImage+Resize.m */; settings = {ASSET_TAGS = (); }; };
/* End PBXBuildFile section */

/* Begin PBXContainerItemProxy section */
		038880C21B305F6300F8807F /* PBXContainerItemProxy */ = {
			isa = PBXContainerItemProxy;
			containerPortal = 038880A61B305F6300F8807F /* Project object */;
			proxyType = 1;
			remoteGlobalIDString = 038880AD1B305F6300F8807F;
			remoteInfo = Retini;
		};
/* End PBXContainerItemProxy section */

/* Begin PBXFileReference section */
		038880AE1B305F6300F8807F /* Retini.app */ = {isa = PBXFileReference; explicitFileType = wrapper.application; includeInIndex = 0; path = Retini.app; sourceTree = BUILT_PRODUCTS_DIR; };
		038880B21B305F6300F8807F /* Info.plist */ = {isa = PBXFileReference; lastKnownFileType = text.plist.xml; path = Info.plist; sourceTree = "<group>"; };
		038880B31B305F6300F8807F /* AppDelegate.h */ = {isa = PBXFileReference; lastKnownFileType = sourcecode.c.h; path = AppDelegate.h; sourceTree = "<group>"; };
		038880B41B305F6300F8807F /* AppDelegate.m */ = {isa = PBXFileReference; lastKnownFileType = sourcecode.c.objc; path = AppDelegate.m; sourceTree = "<group>"; };
		038880B61B305F6300F8807F /* main.m */ = {isa = PBXFileReference; lastKnownFileType = sourcecode.c.objc; path = main.m; sourceTree = "<group>"; };
		038880B81B305F6300F8807F /* Images.xcassets */ = {isa = PBXFileReference; lastKnownFileType = folder.assetcatalog; path = Images.xcassets; sourceTree = "<group>"; };
		038880BB1B305F6300F8807F /* Base */ = {isa = PBXFileReference; lastKnownFileType = file.xib; name = Base; path = Base.lproj/MainMenu.xib; sourceTree = "<group>"; };
		038880C11B305F6300F8807F /* RetiniTests.xctest */ = {isa = PBXFileReference; explicitFileType = wrapper.cfbundle; includeInIndex = 0; path = RetiniTests.xctest; sourceTree = BUILT_PRODUCTS_DIR; };
		038880C61B305F6300F8807F /* Info.plist */ = {isa = PBXFileReference; lastKnownFileType = text.plist.xml; path = Info.plist; sourceTree = "<group>"; };
		038880C71B305F6300F8807F /* RetiniTests.m */ = {isa = PBXFileReference; lastKnownFileType = sourcecode.c.objc; path = RetiniTests.m; sourceTree = "<group>"; };
		038880D11B305FDB00F8807F /* DragDropView.h */ = {isa = PBXFileReference; fileEncoding = 4; lastKnownFileType = sourcecode.c.h; path = DragDropView.h; sourceTree = "<group>"; };
		038880D21B305FDB00F8807F /* DragDropView.m */ = {isa = PBXFileReference; fileEncoding = 4; lastKnownFileType = sourcecode.c.objc; path = DragDropView.m; sourceTree = "<group>"; };
		03D63F7A1BB9804200CC8485 /* NSImage+Resize.h */ = {isa = PBXFileReference; fileEncoding = 4; lastKnownFileType = sourcecode.c.h; path = "NSImage+Resize.h"; sourceTree = "<group>"; };
		03D63F7B1BB9804200CC8485 /* NSImage+Resize.m */ = {isa = PBXFileReference; fileEncoding = 4; lastKnownFileType = sourcecode.c.objc; path = "NSImage+Resize.m"; sourceTree = "<group>"; };
/* End PBXFileReference section */

/* Begin PBXFrameworksBuildPhase section */
		038880AB1B305F6300F8807F /* Frameworks */ = {
			isa = PBXFrameworksBuildPhase;
			buildActionMask = 2147483647;
			files = (
			);
			runOnlyForDeploymentPostprocessing = 0;
		};
		038880BE1B305F6300F8807F /* Frameworks */ = {
			isa = PBXFrameworksBuildPhase;
			buildActionMask = 2147483647;
			files = (
			);
			runOnlyForDeploymentPostprocessing = 0;
		};
/* End PBXFrameworksBuildPhase section */

/* Begin PBXGroup section */
		038880A51B305F6300F8807F = {
			isa = PBXGroup;
			children = (
				038880B01B305F6300F8807F /* Retini */,
				038880C41B305F6300F8807F /* RetiniTests */,
				038880AF1B305F6300F8807F /* Products */,
			);
			sourceTree = "<group>";
		};
		038880AF1B305F6300F8807F /* Products */ = {
			isa = PBXGroup;
			children = (
				038880AE1B305F6300F8807F /* Retini.app */,
				038880C11B305F6300F8807F /* RetiniTests.xctest */,
			);
			name = Products;
			sourceTree = "<group>";
		};
		038880B01B305F6300F8807F /* Retini */ = {
			isa = PBXGroup;
			children = (
				03D63F7A1BB9804200CC8485 /* NSImage+Resize.h */,
				03D63F7B1BB9804200CC8485 /* NSImage+Resize.m */,
				038880B31B305F6300F8807F /* AppDelegate.h */,
				038880B41B305F6300F8807F /* AppDelegate.m */,
				038880D11B305FDB00F8807F /* DragDropView.h */,
				038880D21B305FDB00F8807F /* DragDropView.m */,
				038880B81B305F6300F8807F /* Images.xcassets */,
				038880BA1B305F6300F8807F /* MainMenu.xib */,
				038880B11B305F6300F8807F /* Supporting Files */,
			);
			path = Retini;
			sourceTree = "<group>";
		};
		038880B11B305F6300F8807F /* Supporting Files */ = {
			isa = PBXGroup;
			children = (
				038880B21B305F6300F8807F /* Info.plist */,
				038880B61B305F6300F8807F /* main.m */,
			);
			name = "Supporting Files";
			sourceTree = "<group>";
		};
		038880C41B305F6300F8807F /* RetiniTests */ = {
			isa = PBXGroup;
			children = (
				038880C71B305F6300F8807F /* RetiniTests.m */,
				038880C51B305F6300F8807F /* Supporting Files */,
			);
			path = RetiniTests;
			sourceTree = "<group>";
		};
		038880C51B305F6300F8807F /* Supporting Files */ = {
			isa = PBXGroup;
			children = (
				038880C61B305F6300F8807F /* Info.plist */,
			);
			name = "Supporting Files";
			sourceTree = "<group>";
		};
/* End PBXGroup section */

/* Begin PBXNativeTarget section */
		038880AD1B305F6300F8807F /* Retini */ = {
			isa = PBXNativeTarget;
			buildConfigurationList = 038880CB1B305F6300F8807F /* Build configuration list for PBXNativeTarget "Retini" */;
			buildPhases = (
				038880AA1B305F6300F8807F /* Sources */,
				038880AB1B305F6300F8807F /* Frameworks */,
				038880AC1B305F6300F8807F /* Resources */,
			);
			buildRules = (
			);
			dependencies = (
			);
			name = Retini;
			productName = Retini;
			productReference = 038880AE1B305F6300F8807F /* Retini.app */;
			productType = "com.apple.product-type.application";
		};
		038880C01B305F6300F8807F /* RetiniTests */ = {
			isa = PBXNativeTarget;
			buildConfigurationList = 038880CE1B305F6300F8807F /* Build configuration list for PBXNativeTarget "RetiniTests" */;
			buildPhases = (
				038880BD1B305F6300F8807F /* Sources */,
				038880BE1B305F6300F8807F /* Frameworks */,
				038880BF1B305F6300F8807F /* Resources */,
			);
			buildRules = (
			);
			dependencies = (
				038880C31B305F6300F8807F /* PBXTargetDependency */,
			);
			name = RetiniTests;
			productName = RetiniTests;
			productReference = 038880C11B305F6300F8807F /* RetiniTests.xctest */;
			productType = "com.apple.product-type.bundle.unit-test";
		};
/* End PBXNativeTarget section */

/* Begin PBXProject section */
		038880A61B305F6300F8807F /* Project object */ = {
			isa = PBXProject;
			attributes = {
				LastUpgradeCheck = 0630;
				ORGANIZATIONNAME = "ET-ID";
				TargetAttributes = {
					038880AD1B305F6300F8807F = {
						CreatedOnToolsVersion = 6.3.2;
					};
					038880C01B305F6300F8807F = {
						CreatedOnToolsVersion = 6.3.2;
						TestTargetID = 038880AD1B305F6300F8807F;
					};
				};
			};
			buildConfigurationList = 038880A91B305F6300F8807F /* Build configuration list for PBXProject "Retini" */;
			compatibilityVersion = "Xcode 3.2";
			developmentRegion = English;
			hasScannedForEncodings = 0;
			knownRegions = (
				en,
				Base,
			);
			mainGroup = 038880A51B305F6300F8807F;
			productRefGroup = 038880AF1B305F6300F8807F /* Products */;
			projectDirPath = "";
			projectRoot = "";
			targets = (
				038880AD1B305F6300F8807F /* Retini */,
				038880C01B305F6300F8807F /* RetiniTests */,
			);
		};
/* End PBXProject section */

/* Begin PBXResourcesBuildPhase section */
		038880AC1B305F6300F8807F /* Resources */ = {
			isa = PBXResourcesBuildPhase;
			buildActionMask = 2147483647;
			files = (
				038880B91B305F6300F8807F /* Images.xcassets in Resources */,
				038880BC1B305F6300F8807F /* MainMenu.xib in Resources */,
			);
			runOnlyForDeploymentPostprocessing = 0;
		};
		038880BF1B305F6300F8807F /* Resources */ = {
			isa = PBXResourcesBuildPhase;
			buildActionMask = 2147483647;
			files = (
			);
			runOnlyForDeploymentPostprocessing = 0;
		};
/* End PBXResourcesBuildPhase section */

/* Begin PBXSourcesBuildPhase section */
		038880AA1B305F6300F8807F /* Sources */ = {
			isa = PBXSourcesBuildPhase;
			buildActionMask = 2147483647;
			files = (
				038880B71B305F6300F8807F /* main.m in Sources */,
				038880B51B305F6300F8807F /* AppDelegate.m in Sources */,
				038880D31B305FDB00F8807F /* DragDropView.m in Sources */,
				03D63F7C1BB9804200CC8485 /* NSImage+Resize.m in Sources */,
			);
			runOnlyForDeploymentPostprocessing = 0;
		};
		038880BD1B305F6300F8807F /* Sources */ = {
			isa = PBXSourcesBuildPhase;
			buildActionMask = 2147483647;
			files = (
				038880C81B305F6300F8807F /* RetiniTests.m in Sources */,
			);
			runOnlyForDeploymentPostprocessing = 0;
		};
/* End PBXSourcesBuildPhase section */

/* Begin PBXTargetDependency section */
		038880C31B305F6300F8807F /* PBXTargetDependency */ = {
			isa = PBXTargetDependency;
			target = 038880AD1B305F6300F8807F /* Retini */;
			targetProxy = 038880C21B305F6300F8807F /* PBXContainerItemProxy */;
		};
/* End PBXTargetDependency section */

/* Begin PBXVariantGroup section */
		038880BA1B305F6300F8807F /* MainMenu.xib */ = {
			isa = PBXVariantGroup;
			children = (
				038880BB1B305F6300F8807F /* Base */,
			);
			name = MainMenu.xib;
			sourceTree = "<group>";
		};
/* End PBXVariantGroup section */

/* Begin XCBuildConfiguration section */
		038880C91B305F6300F8807F /* Debug */ = {
			isa = XCBuildConfiguration;
			buildSettings = {
				ALWAYS_SEARCH_USER_PATHS = NO;
				CLANG_CXX_LANGUAGE_STANDARD = "gnu++0x";
				CLANG_CXX_LIBRARY = "libc++";
				CLANG_ENABLE_MODULES = YES;
				CLANG_ENABLE_OBJC_ARC = YES;
				CLANG_WARN_BOOL_CONVERSION = YES;
				CLANG_WARN_CONSTANT_CONVERSION = YES;
				CLANG_WARN_DIRECT_OBJC_ISA_USAGE = YES_ERROR;
				CLANG_WARN_EMPTY_BODY = YES;
				CLANG_WARN_ENUM_CONVERSION = YES;
				CLANG_WARN_INT_CONVERSION = YES;
				CLANG_WARN_OBJC_ROOT_CLASS = YES_ERROR;
				CLANG_WARN_UNREACHABLE_CODE = YES;
				CLANG_WARN__DUPLICATE_METHOD_MATCH = YES;
				CODE_SIGN_IDENTITY = "-";
				COPY_PHASE_STRIP = NO;
				DEBUG_INFORMATION_FORMAT = dwarf;
				ENABLE_STRICT_OBJC_MSGSEND = YES;
				GCC_C_LANGUAGE_STANDARD = gnu99;
				GCC_DYNAMIC_NO_PIC = NO;
				GCC_NO_COMMON_BLOCKS = YES;
				GCC_OPTIMIZATION_LEVEL = 0;
				GCC_PREPROCESSOR_DEFINITIONS = (
					"DEBUG=1",
					"$(inherited)",
				);
				GCC_SYMBOLS_PRIVATE_EXTERN = NO;
				GCC_WARN_64_TO_32_BIT_CONVERSION = YES;
				GCC_WARN_ABOUT_RETURN_TYPE = YES_ERROR;
				GCC_WARN_UNDECLARED_SELECTOR = YES;
				GCC_WARN_UNINITIALIZED_AUTOS = YES_AGGRESSIVE;
				GCC_WARN_UNUSED_FUNCTION = YES;
				GCC_WARN_UNUSED_VARIABLE = YES;
				MACOSX_DEPLOYMENT_TARGET = 10.10;
				MTL_ENABLE_DEBUG_INFO = YES;
				ONLY_ACTIVE_ARCH = YES;
				SDKROOT = macosx;
			};
			name = Debug;
		};
		038880CA1B305F6300F8807F /* Release */ = {
			isa = XCBuildConfiguration;
			buildSettings = {
				ALWAYS_SEARCH_USER_PATHS = NO;
				CLANG_CXX_LANGUAGE_STANDARD = "gnu++0x";
				CLANG_CXX_LIBRARY = "libc++";
				CLANG_ENABLE_MODULES = YES;
				CLANG_ENABLE_OBJC_ARC = YES;
				CLANG_WARN_BOOL_CONVERSION = YES;
				CLANG_WARN_CONSTANT_CONVERSION = YES;
				CLANG_WARN_DIRECT_OBJC_ISA_USAGE = YES_ERROR;
				CLANG_WARN_EMPTY_BODY = YES;
				CLANG_WARN_ENUM_CONVERSION = YES;
				CLANG_WARN_INT_CONVERSION = YES;
				CLANG_WARN_OBJC_ROOT_CLASS = YES_ERROR;
				CLANG_WARN_UNREACHABLE_CODE = YES;
				CLANG_WARN__DUPLICATE_METHOD_MATCH = YES;
				CODE_SIGN_IDENTITY = "-";
				COPY_PHASE_STRIP = NO;
				DEBUG_INFORMATION_FORMAT = "dwarf-with-dsym";
				ENABLE_NS_ASSERTIONS = NO;
				ENABLE_STRICT_OBJC_MSGSEND = YES;
				GCC_C_LANGUAGE_STANDARD = gnu99;
				GCC_NO_COMMON_BLOCKS = YES;
				GCC_WARN_64_TO_32_BIT_CONVERSION = YES;
				GCC_WARN_ABOUT_RETURN_TYPE = YES_ERROR;
				GCC_WARN_UNDECLARED_SELECTOR = YES;
				GCC_WARN_UNINITIALIZED_AUTOS = YES_AGGRESSIVE;
				GCC_WARN_UNUSED_FUNCTION = YES;
				GCC_WARN_UNUSED_VARIABLE = YES;
				MACOSX_DEPLOYMENT_TARGET = 10.10;
				MTL_ENABLE_DEBUG_INFO = NO;
				SDKROOT = macosx;
			};
			name = Release;
		};
		038880CC1B305F6300F8807F /* Debug */ = {
			isa = XCBuildConfiguration;
			buildSettings = {
				ASSETCATALOG_COMPILER_APPICON_NAME = AppIcon;
				COMBINE_HIDPI_IMAGES = YES;
				INFOPLIST_FILE = Retini/Info.plist;
				LD_RUNPATH_SEARCH_PATHS = "$(inherited) @executable_path/../Frameworks";
				MACOSX_DEPLOYMENT_TARGET = 10.8;
				PRODUCT_NAME = "$(TARGET_NAME)";
			};
			name = Debug;
		};
		038880CD1B305F6300F8807F /* Release */ = {
			isa = XCBuildConfiguration;
			buildSettings = {
				ASSETCATALOG_COMPILER_APPICON_NAME = AppIcon;
				COMBINE_HIDPI_IMAGES = YES;
				INFOPLIST_FILE = Retini/Info.plist;
				LD_RUNPATH_SEARCH_PATHS = "$(inherited) @executable_path/../Frameworks";
				MACOSX_DEPLOYMENT_TARGET = 10.8;
				PRODUCT_NAME = "$(TARGET_NAME)";
			};
			name = Release;
		};
		038880CF1B305F6300F8807F /* Debug */ = {
			isa = XCBuildConfiguration;
			buildSettings = {
				BUNDLE_LOADER = "$(TEST_HOST)";
				COMBINE_HIDPI_IMAGES = YES;
				FRAMEWORK_SEARCH_PATHS = (
					"$(DEVELOPER_FRAMEWORKS_DIR)",
					"$(inherited)",
				);
				GCC_PREPROCESSOR_DEFINITIONS = (
					"DEBUG=1",
					"$(inherited)",
				);
				INFOPLIST_FILE = RetiniTests/Info.plist;
				LD_RUNPATH_SEARCH_PATHS = "$(inherited) @executable_path/../Frameworks @loader_path/../Frameworks";
				PRODUCT_NAME = "$(TARGET_NAME)";
				TEST_HOST = "$(BUILT_PRODUCTS_DIR)/Retini.app/Contents/MacOS/Retini";
			};
			name = Debug;
		};
		038880D01B305F6300F8807F /* Release */ = {
			isa = XCBuildConfiguration;
			buildSettings = {
				BUNDLE_LOADER = "$(TEST_HOST)";
				COMBINE_HIDPI_IMAGES = YES;
				FRAMEWORK_SEARCH_PATHS = (
					"$(DEVELOPER_FRAMEWORKS_DIR)",
					"$(inherited)",
				);
				INFOPLIST_FILE = RetiniTests/Info.plist;
				LD_RUNPATH_SEARCH_PATHS = "$(inherited) @executable_path/../Frameworks @loader_path/../Frameworks";
				PRODUCT_NAME = "$(TARGET_NAME)";
				TEST_HOST = "$(BUILT_PRODUCTS_DIR)/Retini.app/Contents/MacOS/Retini";
			};
			name = Release;
		};
/* End XCBuildConfiguration section */

/* Begin XCConfigurationList section */
		038880A91B305F6300F8807F /* Build configuration list for PBXProject "Retini" */ = {
			isa = XCConfigurationList;
			buildConfigurations = (
				038880C91B305F6300F8807F /* Debug */,
				038880CA1B305F6300F8807F /* Release */,
			);
			defaultConfigurationIsVisible = 0;
			defaultConfigurationName = Release;
		};
		038880CB1B305F6300F8807F /* Build configuration list for PBXNativeTarget "Retini" */ = {
			isa = XCConfigurationList;
			buildConfigurations = (
				038880CC1B305F6300F8807F /* Debug */,
				038880CD1B305F6300F8807F /* Release */,
			);
			defaultConfigurationIsVisible = 0;
			defaultConfigurationName = Release;
		};
		038880CE1B305F6300F8807F /* Build configuration list for PBXNativeTarget "RetiniTests" */ = {
			isa = XCConfigurationList;
			buildConfigurations = (
				038880CF1B305F6300F8807F /* Debug */,
				038880D01B305F6300F8807F /* Release */,
			);
			defaultConfigurationIsVisible = 0;
			defaultConfigurationName = Release;
		};
/* End XCConfigurationList section */
	};
	rootObject = 038880A61B305F6300F8807F /* Project object */;
}
